
Microsoft Visual Studio Solution File, Format Version 12.00
# Visual Studio Version 16
VisualStudioVersion = 16.0.30709.132
MinimumVisualStudioVersion = 10.0.40219.1
Project("{9A19103F-16F7-4668-BE54-9A1E7A4F7556}") = "Taskbarv3.UI", "Src\Taskbarv3.UI\Taskbarv3.UI.csproj", "{3A9F9DE2-07EB-49CA-8BC5-F0C540A74CE8}"
EndProject
Project("{9A19103F-16F7-4668-BE54-9A1E7A4F7556}") = "Taskbarv3.Infrastructure", "Src\Taskbarv3.Infrastructure\Taskbarv3.Infrastructure.csproj", "{116EFB1F-8C1C-435C-B526-0C50C7D9B6E3}"
EndProject
Project("{9A19103F-16F7-4668-BE54-9A1E7A4F7556}") = "Taskbarv3.Core", "Src\Taskbarv3.Core\Taskbarv3.Core.csproj", "{94C3CEB9-D20B-4E69-9CD2-F598E7F5F878}"
EndProject
Global
	GlobalSection(SolutionConfigurationPlatforms) = preSolution
		Debug|Any CPU = Debug|Any CPU
		Debug|x86 = Debug|x86
		Release|Any CPU = Release|Any CPU
		Release|x86 = Release|x86
	EndGlobalSection
	GlobalSection(ProjectConfigurationPlatforms) = postSolution
		{3A9F9DE2-07EB-49CA-8BC5-F0C540A74CE8}.Debug|Any CPU.ActiveCfg = Debug|Any CPU
		{3A9F9DE2-07EB-49CA-8BC5-F0C540A74CE8}.Debug|Any CPU.Build.0 = Debug|Any CPU
		{3A9F9DE2-07EB-49CA-8BC5-F0C540A74CE8}.Debug|x86.ActiveCfg = Debug|Any CPU
		{3A9F9DE2-07EB-49CA-8BC5-F0C540A74CE8}.Debug|x86.Build.0 = Debug|Any CPU
		{3A9F9DE2-07EB-49CA-8BC5-F0C540A74CE8}.Release|Any CPU.ActiveCfg = Release|Any CPU
		{3A9F9DE2-07EB-49CA-8BC5-F0C540A74CE8}.Release|Any CPU.Build.0 = Release|Any CPU
		{3A9F9DE2-07EB-49CA-8BC5-F0C540A74CE8}.Release|x86.ActiveCfg = Release|Any CPU
		{3A9F9DE2-07EB-49CA-8BC5-F0C540A74CE8}.Release|x86.Build.0 = Release|Any CPU
		{116EFB1F-8C1C-435C-B526-0C50C7D9B6E3}.Debug|Any CPU.ActiveCfg = Debug|Any CPU
		{116EFB1F-8C1C-435C-B526-0C50C7D9B6E3}.Debug|Any CPU.Build.0 = Debug|Any CPU
		{116EFB1F-8C1C-435C-B526-0C50C7D9B6E3}.Debug|x86.ActiveCfg = Debug|Any CPU
		{116EFB1F-8C1C-435C-B526-0C50C7D9B6E3}.Debug|x86.Build.0 = Debug|Any CPU
		{116EFB1F-8C1C-435C-B526-0C50C7D9B6E3}.Release|Any CPU.ActiveCfg = Release|Any CPU
		{116EFB1F-8C1C-435C-B526-0C50C7D9B6E3}.Release|Any CPU.Build.0 = Release|Any CPU
		{116EFB1F-8C1C-435C-B526-0C50C7D9B6E3}.Release|x86.ActiveCfg = Release|Any CPU
		{116EFB1F-8C1C-435C-B526-0C50C7D9B6E3}.Release|x86.Build.0 = Release|Any CPU
		{94C3CEB9-D20B-4E69-9CD2-F598E7F5F878}.Debug|Any CPU.ActiveCfg = Debug|Any CPU
		{94C3CEB9-D20B-4E69-9CD2-F598E7F5F878}.Debug|Any CPU.Build.0 = Debug|Any CPU
		{94C3CEB9-D20B-4E69-9CD2-F598E7F5F878}.Debug|x86.ActiveCfg = Debug|Any CPU
		{94C3CEB9-D20B-4E69-9CD2-F598E7F5F878}.Debug|x86.Build.0 = Debug|Any CPU
		{94C3CEB9-D20B-4E69-9CD2-F598E7F5F878}.Release|Any CPU.ActiveCfg = Release|Any CPU
		{94C3CEB9-D20B-4E69-9CD2-F598E7F5F878}.Release|Any CPU.Build.0 = Release|Any CPU
		{94C3CEB9-D20B-4E69-9CD2-F598E7F5F878}.Release|x86.ActiveCfg = Release|Any CPU
		{94C3CEB9-D20B-4E69-9CD2-F598E7F5F878}.Release|x86.Build.0 = Release|Any CPU
	EndGlobalSection
	GlobalSection(SolutionProperties) = preSolution
		HideSolutionNode = FALSE
	EndGlobalSection
	GlobalSection(ExtensibilityGlobals) = postSolution
		SolutionGuid = {AD740D52-2937-4A63-B93E-02CC8E6687CE}
	EndGlobalSection
EndGlobal
